// !$*UTF8*$!
{
	archiveVersion = 1;
	classes = {
	};
	objectVersion = 46;
	objects = {

/* Begin PBXBuildFile section */
		339F43D51934BBC9000F6923 /* Foundation.framework in Frameworks */ = {isa = PBXBuildFile; fileRef = 339F43D41934BBC9000F6923 /* Foundation.framework */; };
		339F43D71934BBC9000F6923 /* CoreGraphics.framework in Frameworks */ = {isa = PBXBuildFile; fileRef = 339F43D61934BBC9000F6923 /* CoreGraphics.framework */; };
		339F43D91934BBC9000F6923 /* UIKit.framework in Frameworks */ = {isa = PBXBuildFile; fileRef = 339F43D81934BBC9000F6923 /* UIKit.framework */; };
		339F43DB1934BBC9000F6923 /* CoreData.framework in Frameworks */ = {isa = PBXBuildFile; fileRef = 339F43DA1934BBC9000F6923 /* CoreData.framework */; };
		339F43E11934BBC9000F6923 /* InfoPlist.strings in Resources */ = {isa = PBXBuildFile; fileRef = 339F43DF1934BBC9000F6923 /* InfoPlist.strings */; };
		339F43E31934BBC9000F6923 /* main.m in Sources */ = {isa = PBXBuildFile; fileRef = 339F43E21934BBC9000F6923 /* main.m */; };
		339F43E71934BBC9000F6923 /* AppDelegate.m in Sources */ = {isa = PBXBuildFile; fileRef = 339F43E61934BBC9000F6923 /* AppDelegate.m */; };
		339F43EA1934BBC9000F6923 /* Main_iPhone.storyboard in Resources */ = {isa = PBXBuildFile; fileRef = 339F43E81934BBC9000F6923 /* Main_iPhone.storyboard */; };
		339F43ED1934BBC9000F6923 /* Main_iPad.storyboard in Resources */ = {isa = PBXBuildFile; fileRef = 339F43EB1934BBC9000F6923 /* Main_iPad.storyboard */; };
		339F43F01934BBC9000F6923 /* QuantTrader.xcdatamodeld in Sources */ = {isa = PBXBuildFile; fileRef = 339F43EE1934BBC9000F6923 /* QuantTrader.xcdatamodeld */; };
		339F43F31934BBC9000F6923 /* MasterViewController.m in Sources */ = {isa = PBXBuildFile; fileRef = 339F43F21934BBC9000F6923 /* MasterViewController.m */; };
		339F43F61934BBC9000F6923 /* DetailViewController.m in Sources */ = {isa = PBXBuildFile; fileRef = 339F43F51934BBC9000F6923 /* DetailViewController.m */; };
		339F43F81934BBC9000F6923 /* Images.xcassets in Resources */ = {isa = PBXBuildFile; fileRef = 339F43F71934BBC9000F6923 /* Images.xcassets */; };
		339F43FF1934BBC9000F6923 /* XCTest.framework in Frameworks */ = {isa = PBXBuildFile; fileRef = 339F43FE1934BBC9000F6923 /* XCTest.framework */; };
		339F44001934BBC9000F6923 /* Foundation.framework in Frameworks */ = {isa = PBXBuildFile; fileRef = 339F43D41934BBC9000F6923 /* Foundation.framework */; };
		339F44011934BBC9000F6923 /* UIKit.framework in Frameworks */ = {isa = PBXBuildFile; fileRef = 339F43D81934BBC9000F6923 /* UIKit.framework */; };
		339F44021934BBC9000F6923 /* CoreData.framework in Frameworks */ = {isa = PBXBuildFile; fileRef = 339F43DA1934BBC9000F6923 /* CoreData.framework */; };
		339F440A1934BBC9000F6923 /* InfoPlist.strings in Resources */ = {isa = PBXBuildFile; fileRef = 339F44081934BBC9000F6923 /* InfoPlist.strings */; };
		339F440C1934BBC9000F6923 /* QuantTraderTests.m in Sources */ = {isa = PBXBuildFile; fileRef = 339F440B1934BBC9000F6923 /* QuantTraderTests.m */; };
		4C59C278E89D42B4AFDED473 /* libPods.a in Frameworks */ = {isa = PBXBuildFile; fileRef = 2DF9A07A6B8540DD970ACFEE /* libPods.a */; };
		C004735D19B7325E00A69E04 /* EquityResultsViewController.m in Sources */ = {isa = PBXBuildFile; fileRef = C004735C19B7325E00A69E04 /* EquityResultsViewController.m */; };
		C0094DA5197A7220006AAB94 /* DmZeroCouponQuotes.m in Sources */ = {isa = PBXBuildFile; fileRef = C0094DA4197A7220006AAB94 /* DmZeroCouponQuotes.m */; };
		C0094DAB197D1BC2006AAB94 /* DmBond.m in Sources */ = {isa = PBXBuildFile; fileRef = C0094DAA197D1BC2006AAB94 /* DmBond.m */; };
		C0094DAE197EA5A8006AAB94 /* ParameterInitializer.m in Sources */ = {isa = PBXBuildFile; fileRef = C0094DAD197EA5A8006AAB94 /* ParameterInitializer.m */; };
		C0094DB1197EBBE3006AAB94 /* DmDiscreteHedging.m in Sources */ = {isa = PBXBuildFile; fileRef = C0094DB0197EBBE3006AAB94 /* DmDiscreteHedging.m */; };
		C0094DB4197EBBF9006AAB94 /* DmFittedBondCurve.m in Sources */ = {isa = PBXBuildFile; fileRef = C0094DB3197EBBF9006AAB94 /* DmFittedBondCurve.m */; };
		C0094DB7197EBBF9006AAB94 /* DmForwardRate.m in Sources */ = {isa = PBXBuildFile; fileRef = C0094DB6197EBBF9006AAB94 /* DmForwardRate.m */; };
		C0094DBA197EBBFA006AAB94 /* DmBermudanSwaption.m in Sources */ = {isa = PBXBuildFile; fileRef = C0094DB9197EBBFA006AAB94 /* DmBermudanSwaption.m */; };
		C0094DBD197EBBFA006AAB94 /* DmEquity.m in Sources */ = {isa = PBXBuildFile; fileRef = C0094DBC197EBBFA006AAB94 /* DmEquity.m */; };
		C0094DC0197EBBFA006AAB94 /* DmMarketModel.m in Sources */ = {isa = PBXBuildFile; fileRef = C0094DBF197EBBFA006AAB94 /* DmMarketModel.m */; };
		C0094DC3197EBBFA006AAB94 /* DmRepo.m in Sources */ = {isa = PBXBuildFile; fileRef = C0094DC2197EBBFA006AAB94 /* DmRepo.m */; };
		C0094DC6197EBBFA006AAB94 /* DmCallableBonds.m in Sources */ = {isa = PBXBuildFile; fileRef = C0094DC5197EBBFA006AAB94 /* DmCallableBonds.m */; };
		C0094DC9197EBBFA006AAB94 /* DmReplication.m in Sources */ = {isa = PBXBuildFile; fileRef = C0094DC8197EBBFA006AAB94 /* DmReplication.m */; };
		C03CAACE19790DE900BFD8A8 /* DmMaturityDates.m in Sources */ = {isa = PBXBuildFile; fileRef = C03CAACD19790DE900BFD8A8 /* DmMaturityDates.m */; };
		C03CAAD119790DEA00BFD8A8 /* DmSwapQuotes.m in Sources */ = {isa = PBXBuildFile; fileRef = C03CAAD019790DEA00BFD8A8 /* DmSwapQuotes.m */; };
		C03CAAD419790DEA00BFD8A8 /* DmAccruedAmount.m in Sources */ = {isa = PBXBuildFile; fileRef = C03CAAD319790DEA00BFD8A8 /* DmAccruedAmount.m */; };
		C03CAAD719790DEA00BFD8A8 /* DmCouponRates.m in Sources */ = {isa = PBXBuildFile; fileRef = C03CAAD619790DEA00BFD8A8 /* DmCouponRates.m */; };
		C03CAADA19790DEA00BFD8A8 /* DmFixedBondScheduleRateAndDate.m in Sources */ = {isa = PBXBuildFile; fileRef = C03CAAD919790DEA00BFD8A8 /* DmFixedBondScheduleRateAndDate.m */; };
		C03CAADD19790DEB00BFD8A8 /* DmLiborForcastingCurveQutotes.m in Sources */ = {isa = PBXBuildFile; fileRef = C03CAADC19790DEB00BFD8A8 /* DmLiborForcastingCurveQutotes.m */; };
		C03CAAE019790DEB00BFD8A8 /* DmFloatingBondScheduleRateAndDate.m in Sources */ = {isa = PBXBuildFile; fileRef = C03CAADF19790DEB00BFD8A8 /* DmFloatingBondScheduleRateAndDate.m */; };
		C03CAAE319790DEB00BFD8A8 /* DmMarketQuotes.m in Sources */ = {isa = PBXBuildFile; fileRef = C03CAAE219790DEB00BFD8A8 /* DmMarketQuotes.m */; };
		C03CAAE919790DEB00BFD8A8 /* DmIssueDates.m in Sources */ = {isa = PBXBuildFile; fileRef = C03CAAE819790DEB00BFD8A8 /* DmIssueDates.m */; };
		C03CAAED197923C000BFD8A8 /* PersistManager.m in Sources */ = {isa = PBXBuildFile; fileRef = C03CAAEB197923C000BFD8A8 /* PersistManager.m */; };
		C03CAAF419792B3100BFD8A8 /* QuantDao.m in Sources */ = {isa = PBXBuildFile; fileRef = C03CAAF319792B3100BFD8A8 /* QuantDao.m */; };
		C0CE8C39194F23AF009BAD80 /* BondViewController.m in Sources */ = {isa = PBXBuildFile; fileRef = C0CE8C38194F23AF009BAD80 /* BondViewController.m */; };
		C0CE8C3C194F23D5009BAD80 /* BondResultsViewController.m in Sources */ = {isa = PBXBuildFile; fileRef = C0CE8C3B194F23D5009BAD80 /* BondResultsViewController.m */; };
		C0CE8C3F194F351C009BAD80 /* TableTableViewController.m in Sources */ = {isa = PBXBuildFile; fileRef = C0CE8C3E194F351C009BAD80 /* TableTableViewController.m */; };
		C0CE8C42194F492E009BAD80 /* BondValuesViewController.m in Sources */ = {isa = PBXBuildFile; fileRef = C0CE8C41194F492E009BAD80 /* BondValuesViewController.m */; };
		C0CE8C45194F4C30009BAD80 /* BondResultViewController.m in Sources */ = {isa = PBXBuildFile; fileRef = C0CE8C44194F4C30009BAD80 /* BondResultViewController.m */; };
		C0CE8C4A194F4F9B009BAD80 /* PreviousResultsTableViewController.m in Sources */ = {isa = PBXBuildFile; fileRef = C0CE8C49194F4F9B009BAD80 /* PreviousResultsTableViewController.m */; };
		C0CE8C4D194F5A1E009BAD80 /* BondSetValueViewController.m in Sources */ = {isa = PBXBuildFile; fileRef = C0CE8C4C194F5A1E009BAD80 /* BondSetValueViewController.m */; };
		C0F502991978271700E8D448 /* NavigationViewController.m in Sources */ = {isa = PBXBuildFile; fileRef = C0F502981978271700E8D448 /* NavigationViewController.m */; };
		C0F9B6E71966D00B00DAC4E8 /* BondImportViewController.m in Sources */ = {isa = PBXBuildFile; fileRef = C0F9B6E61966D00B00DAC4E8 /* BondImportViewController.m */; };
		F32A9B911934BCF700BDE337 /* ql.framework in Frameworks */ = {isa = PBXBuildFile; fileRef = F32A9B901934BCF600BDE337 /* ql.framework */; };
		F32A9B941934BEA900BDE337 /* CheckQl.mm in Sources */ = {isa = PBXBuildFile; fileRef = F32A9B931934BEA900BDE337 /* CheckQl.mm */; };
		F32A9BAC1934BF6400BDE337 /* EquityOption_.mm in Sources */ = {isa = PBXBuildFile; fileRef = F32A9B971934BF6400BDE337 /* EquityOption_.mm */; };
		F32A9BAD1934BF6400BDE337 /* Bond.mm in Sources */ = {isa = PBXBuildFile; fileRef = F32A9B991934BF6400BDE337 /* Bond.mm */; };
		F32A9BAE1934BF6400BDE337 /* MarketModels.mm in Sources */ = {isa = PBXBuildFile; fileRef = F32A9B9B1934BF6400BDE337 /* MarketModels.mm */; };
		F32A9BAF1934BF6400BDE337 /* CallableBonds.mm in Sources */ = {isa = PBXBuildFile; fileRef = F32A9B9D1934BF6400BDE337 /* CallableBonds.mm */; };
		F32A9BB01934BF6400BDE337 /* DiscreteHedging.mm in Sources */ = {isa = PBXBuildFile; fileRef = F32A9B9F1934BF6400BDE337 /* DiscreteHedging.mm */; };
		F32A9BB11934BF6400BDE337 /* FittedBondCurve.mm in Sources */ = {isa = PBXBuildFile; fileRef = F32A9BA11934BF6400BDE337 /* FittedBondCurve.mm */; };
		F32A9BB21934BF6400BDE337 /* ForwardRate.mm in Sources */ = {isa = PBXBuildFile; fileRef = F32A9BA31934BF6400BDE337 /* ForwardRate.mm */; };
		F32A9BB31934BF6400BDE337 /* BermudanSwaption.mm in Sources */ = {isa = PBXBuildFile; fileRef = F32A9BA51934BF6400BDE337 /* BermudanSwaption.mm */; };
		F32A9BB41934BF6400BDE337 /* Replication.mm in Sources */ = {isa = PBXBuildFile; fileRef = F32A9BA71934BF6400BDE337 /* Replication.mm */; };
		F32A9BB51934BF6400BDE337 /* Repo.mm in Sources */ = {isa = PBXBuildFile; fileRef = F32A9BA91934BF6400BDE337 /* Repo.mm */; };
		F32A9BB61934BF6400BDE337 /* Swap.mm in Sources */ = {isa = PBXBuildFile; fileRef = F32A9BAB1934BF6400BDE337 /* Swap.mm */; };
		F32A9BBC1934BFB800BDE337 /* Date.m in Sources */ = {isa = PBXBuildFile; fileRef = F32A9BB91934BFB800BDE337 /* Date.m */; };
		F32A9BBD1934BFB800BDE337 /* DateCategory.m in Sources */ = {isa = PBXBuildFile; fileRef = F32A9BBB1934BFB800BDE337 /* DateCategory.m */; };
		F32A9BC11934BFEE00BDE337 /* EquityOptionViewController.m in Sources */ = {isa = PBXBuildFile; fileRef = F32A9BC01934BFEE00BDE337 /* EquityOptionViewController.m */; };
		F32A9BD11934D92000BDE337 /* EquityOptionResults.xib in Resources */ = {isa = PBXBuildFile; fileRef = F32A9BD01934D92000BDE337 /* EquityOptionResults.xib */; };
		F37DB305193742AD00F91F66 /* MarketMViewController.mm in Sources */ = {isa = PBXBuildFile; fileRef = F37DB303193742AC00F91F66 /* MarketMViewController.mm */; };
		F37DB306193742AD00F91F66 /* MarketMViewController.xib in Resources */ = {isa = PBXBuildFile; fileRef = F37DB304193742AC00F91F66 /* MarketMViewController.xib */; };
		F37DB30C193753F200F91F66 /* Thing.mm in Sources */ = {isa = PBXBuildFile; fileRef = F37DB30B193753F200F91F66 /* Thing.mm */; };
		F38033A2193B5CB800B6DA1E /* MarketModelParameterViewController.m in Sources */ = {isa = PBXBuildFile; fileRef = F38033A1193B5CB800B6DA1E /* MarketModelParameterViewController.m */; };
/* End PBXBuildFile section */

/* Begin PBXContainerItemProxy section */
		339F44031934BBC9000F6923 /* PBXContainerItemProxy */ = {
			isa = PBXContainerItemProxy;
			containerPortal = 339F43C91934BBC9000F6923 /* Project object */;
			proxyType = 1;
			remoteGlobalIDString = 339F43D01934BBC9000F6923;
			remoteInfo = QuantTrader;
		};
/* End PBXContainerItemProxy section */

/* Begin PBXFileReference section */
		2DF9A07A6B8540DD970ACFEE /* libPods.a */ = {isa = PBXFileReference; explicitFileType = archive.ar; includeInIndex = 0; path = libPods.a; sourceTree = BUILT_PRODUCTS_DIR; };
		339F43D11934BBC9000F6923 /* QuantTrader.app */ = {isa = PBXFileReference; explicitFileType = wrapper.application; includeInIndex = 0; path = QuantTrader.app; sourceTree = BUILT_PRODUCTS_DIR; };
		339F43D41934BBC9000F6923 /* Foundation.framework */ = {isa = PBXFileReference; lastKnownFileType = wrapper.framework; name = Foundation.framework; path = System/Library/Frameworks/Foundation.framework; sourceTree = SDKROOT; };
		339F43D61934BBC9000F6923 /* CoreGraphics.framework */ = {isa = PBXFileReference; lastKnownFileType = wrapper.framework; name = CoreGraphics.framework; path = System/Library/Frameworks/CoreGraphics.framework; sourceTree = SDKROOT; };
		339F43D81934BBC9000F6923 /* UIKit.framework */ = {isa = PBXFileReference; lastKnownFileType = wrapper.framework; name = UIKit.framework; path = System/Library/Frameworks/UIKit.framework; sourceTree = SDKROOT; };
		339F43DA1934BBC9000F6923 /* CoreData.framework */ = {isa = PBXFileReference; lastKnownFileType = wrapper.framework; name = CoreData.framework; path = System/Library/Frameworks/CoreData.framework; sourceTree = SDKROOT; };
		339F43DE1934BBC9000F6923 /* QuantTrader-Info.plist */ = {isa = PBXFileReference; lastKnownFileType = text.plist.xml; path = "QuantTrader-Info.plist"; sourceTree = "<group>"; };
		339F43E01934BBC9000F6923 /* en */ = {isa = PBXFileReference; lastKnownFileType = text.plist.strings; name = en; path = en.lproj/InfoPlist.strings; sourceTree = "<group>"; };
		339F43E21934BBC9000F6923 /* main.m */ = {isa = PBXFileReference; lastKnownFileType = sourcecode.c.objc; path = main.m; sourceTree = "<group>"; };
		339F43E41934BBC9000F6923 /* QuantTrader-Prefix.pch */ = {isa = PBXFileReference; lastKnownFileType = sourcecode.c.h; path = "QuantTrader-Prefix.pch"; sourceTree = "<group>"; };
		339F43E51934BBC9000F6923 /* AppDelegate.h */ = {isa = PBXFileReference; lastKnownFileType = sourcecode.c.h; path = AppDelegate.h; sourceTree = "<group>"; };
		339F43E61934BBC9000F6923 /* AppDelegate.m */ = {isa = PBXFileReference; lastKnownFileType = sourcecode.c.objc; path = AppDelegate.m; sourceTree = "<group>"; };
		339F43E91934BBC9000F6923 /* Base */ = {isa = PBXFileReference; lastKnownFileType = file.storyboard; name = Base; path = Base.lproj/Main_iPhone.storyboard; sourceTree = "<group>"; };
		339F43EC1934BBC9000F6923 /* Base */ = {isa = PBXFileReference; lastKnownFileType = file.storyboard; name = Base; path = Base.lproj/Main_iPad.storyboard; sourceTree = "<group>"; };
		339F43EF1934BBC9000F6923 /* QuantTrader.xcdatamodel */ = {isa = PBXFileReference; lastKnownFileType = wrapper.xcdatamodel; path = QuantTrader.xcdatamodel; sourceTree = "<group>"; };
		339F43F11934BBC9000F6923 /* MasterViewController.h */ = {isa = PBXFileReference; lastKnownFileType = sourcecode.c.h; path = MasterViewController.h; sourceTree = "<group>"; };
		339F43F21934BBC9000F6923 /* MasterViewController.m */ = {isa = PBXFileReference; lastKnownFileType = sourcecode.c.objc; path = MasterViewController.m; sourceTree = "<group>"; };
		339F43F41934BBC9000F6923 /* DetailViewController.h */ = {isa = PBXFileReference; lastKnownFileType = sourcecode.c.h; path = DetailViewController.h; sourceTree = "<group>"; };
		339F43F51934BBC9000F6923 /* DetailViewController.m */ = {isa = PBXFileReference; lastKnownFileType = sourcecode.c.objc; path = DetailViewController.m; sourceTree = "<group>"; };
		339F43F71934BBC9000F6923 /* Images.xcassets */ = {isa = PBXFileReference; lastKnownFileType = folder.assetcatalog; path = Images.xcassets; sourceTree = "<group>"; };
		339F43FD1934BBC9000F6923 /* QuantTraderTests.xctest */ = {isa = PBXFileReference; explicitFileType = wrapper.cfbundle; includeInIndex = 0; path = QuantTraderTests.xctest; sourceTree = BUILT_PRODUCTS_DIR; };
		339F43FE1934BBC9000F6923 /* XCTest.framework */ = {isa = PBXFileReference; lastKnownFileType = wrapper.framework; name = XCTest.framework; path = Library/Frameworks/XCTest.framework; sourceTree = DEVELOPER_DIR; };
		339F44071934BBC9000F6923 /* QuantTraderTests-Info.plist */ = {isa = PBXFileReference; lastKnownFileType = text.plist.xml; path = "QuantTraderTests-Info.plist"; sourceTree = "<group>"; };
		339F44091934BBC9000F6923 /* en */ = {isa = PBXFileReference; lastKnownFileType = text.plist.strings; name = en; path = en.lproj/InfoPlist.strings; sourceTree = "<group>"; };
		339F440B1934BBC9000F6923 /* QuantTraderTests.m */ = {isa = PBXFileReference; lastKnownFileType = sourcecode.c.objc; path = QuantTraderTests.m; sourceTree = "<group>"; };
		8844B9769D704D08BC6A5EE0 /* Pods.xcconfig */ = {isa = PBXFileReference; includeInIndex = 1; lastKnownFileType = text.xcconfig; name = Pods.xcconfig; path = Pods/Pods.xcconfig; sourceTree = "<group>"; };
		C004735B19B7325E00A69E04 /* EquityResultsViewController.h */ = {isa = PBXFileReference; fileEncoding = 4; lastKnownFileType = sourcecode.c.h; path = EquityResultsViewController.h; sourceTree = "<group>"; };
		C004735C19B7325E00A69E04 /* EquityResultsViewController.m */ = {isa = PBXFileReference; fileEncoding = 4; lastKnownFileType = sourcecode.c.objc; path = EquityResultsViewController.m; sourceTree = "<group>"; };
		C0094DA3197A7220006AAB94 /* DmZeroCouponQuotes.h */ = {isa = PBXFileReference; fileEncoding = 4; lastKnownFileType = sourcecode.c.h; path = DmZeroCouponQuotes.h; sourceTree = "<group>"; };
		C0094DA4197A7220006AAB94 /* DmZeroCouponQuotes.m */ = {isa = PBXFileReference; fileEncoding = 4; lastKnownFileType = sourcecode.c.objc; path = DmZeroCouponQuotes.m; sourceTree = "<group>"; };
		C0094DA9197D1BC2006AAB94 /* DmBond.h */ = {isa = PBXFileReference; fileEncoding = 4; lastKnownFileType = sourcecode.c.h; path = DmBond.h; sourceTree = "<group>"; };
		C0094DAA197D1BC2006AAB94 /* DmBond.m */ = {isa = PBXFileReference; fileEncoding = 4; lastKnownFileType = sourcecode.c.objc; path = DmBond.m; sourceTree = "<group>"; };
		C0094DAC197EA5A8006AAB94 /* ParameterInitializer.h */ = {isa = PBXFileReference; fileEncoding = 4; lastKnownFileType = sourcecode.c.h; path = ParameterInitializer.h; sourceTree = "<group>"; };
		C0094DAD197EA5A8006AAB94 /* ParameterInitializer.m */ = {isa = PBXFileReference; fileEncoding = 4; lastKnownFileType = sourcecode.c.objc; path = ParameterInitializer.m; sourceTree = "<group>"; };
		C0094DAF197EBBE3006AAB94 /* DmDiscreteHedging.h */ = {isa = PBXFileReference; fileEncoding = 4; lastKnownFileType = sourcecode.c.h; path = DmDiscreteHedging.h; sourceTree = "<group>"; };
		C0094DB0197EBBE3006AAB94 /* DmDiscreteHedging.m */ = {isa = PBXFileReference; fileEncoding = 4; lastKnownFileType = sourcecode.c.objc; path = DmDiscreteHedging.m; sourceTree = "<group>"; };
		C0094DB2197EBBF9006AAB94 /* DmFittedBondCurve.h */ = {isa = PBXFileReference; fileEncoding = 4; lastKnownFileType = sourcecode.c.h; path = DmFittedBondCurve.h; sourceTree = "<group>"; };
		C0094DB3197EBBF9006AAB94 /* DmFittedBondCurve.m */ = {isa = PBXFileReference; fileEncoding = 4; lastKnownFileType = sourcecode.c.objc; path = DmFittedBondCurve.m; sourceTree = "<group>"; };
		C0094DB5197EBBF9006AAB94 /* DmForwardRate.h */ = {isa = PBXFileReference; fileEncoding = 4; lastKnownFileType = sourcecode.c.h; path = DmForwardRate.h; sourceTree = "<group>"; };
		C0094DB6197EBBF9006AAB94 /* DmForwardRate.m */ = {isa = PBXFileReference; fileEncoding = 4; lastKnownFileType = sourcecode.c.objc; path = DmForwardRate.m; sourceTree = "<group>"; };
		C0094DB8197EBBFA006AAB94 /* DmBermudanSwaption.h */ = {isa = PBXFileReference; fileEncoding = 4; lastKnownFileType = sourcecode.c.h; path = DmBermudanSwaption.h; sourceTree = "<group>"; };
		C0094DB9197EBBFA006AAB94 /* DmBermudanSwaption.m */ = {isa = PBXFileReference; fileEncoding = 4; lastKnownFileType = sourcecode.c.objc; path = DmBermudanSwaption.m; sourceTree = "<group>"; };
		C0094DBB197EBBFA006AAB94 /* DmEquity.h */ = {isa = PBXFileReference; fileEncoding = 4; lastKnownFileType = sourcecode.c.h; path = DmEquity.h; sourceTree = "<group>"; };
		C0094DBC197EBBFA006AAB94 /* DmEquity.m */ = {isa = PBXFileReference; fileEncoding = 4; lastKnownFileType = sourcecode.c.objc; path = DmEquity.m; sourceTree = "<group>"; };
		C0094DBE197EBBFA006AAB94 /* DmMarketModel.h */ = {isa = PBXFileReference; fileEncoding = 4; lastKnownFileType = sourcecode.c.h; path = DmMarketModel.h; sourceTree = "<group>"; };
		C0094DBF197EBBFA006AAB94 /* DmMarketModel.m */ = {isa = PBXFileReference; fileEncoding = 4; lastKnownFileType = sourcecode.c.objc; path = DmMarketModel.m; sourceTree = "<group>"; };
		C0094DC1197EBBFA006AAB94 /* DmRepo.h */ = {isa = PBXFileReference; fileEncoding = 4; lastKnownFileType = sourcecode.c.h; path = DmRepo.h; sourceTree = "<group>"; };
		C0094DC2197EBBFA006AAB94 /* DmRepo.m */ = {isa = PBXFileReference; fileEncoding = 4; lastKnownFileType = sourcecode.c.objc; path = DmRepo.m; sourceTree = "<group>"; };
		C0094DC4197EBBFA006AAB94 /* DmCallableBonds.h */ = {isa = PBXFileReference; fileEncoding = 4; lastKnownFileType = sourcecode.c.h; path = DmCallableBonds.h; sourceTree = "<group>"; };
		C0094DC5197EBBFA006AAB94 /* DmCallableBonds.m */ = {isa = PBXFileReference; fileEncoding = 4; lastKnownFileType = sourcecode.c.objc; path = DmCallableBonds.m; sourceTree = "<group>"; };
		C0094DC7197EBBFA006AAB94 /* DmReplication.h */ = {isa = PBXFileReference; fileEncoding = 4; lastKnownFileType = sourcecode.c.h; path = DmReplication.h; sourceTree = "<group>"; };
		C0094DC8197EBBFA006AAB94 /* DmReplication.m */ = {isa = PBXFileReference; fileEncoding = 4; lastKnownFileType = sourcecode.c.objc; path = DmReplication.m; sourceTree = "<group>"; };
		C03CAACC19790DE900BFD8A8 /* DmMaturityDates.h */ = {isa = PBXFileReference; fileEncoding = 4; lastKnownFileType = sourcecode.c.h; path = DmMaturityDates.h; sourceTree = "<group>"; };
		C03CAACD19790DE900BFD8A8 /* DmMaturityDates.m */ = {isa = PBXFileReference; fileEncoding = 4; lastKnownFileType = sourcecode.c.objc; path = DmMaturityDates.m; sourceTree = "<group>"; };
		C03CAACF19790DEA00BFD8A8 /* DmSwapQuotes.h */ = {isa = PBXFileReference; fileEncoding = 4; lastKnownFileType = sourcecode.c.h; path = DmSwapQuotes.h; sourceTree = "<group>"; };
		C03CAAD019790DEA00BFD8A8 /* DmSwapQuotes.m */ = {isa = PBXFileReference; fileEncoding = 4; lastKnownFileType = sourcecode.c.objc; path = DmSwapQuotes.m; sourceTree = "<group>"; };
		C03CAAD219790DEA00BFD8A8 /* DmAccruedAmount.h */ = {isa = PBXFileReference; fileEncoding = 4; lastKnownFileType = sourcecode.c.h; path = DmAccruedAmount.h; sourceTree = "<group>"; };
		C03CAAD319790DEA00BFD8A8 /* DmAccruedAmount.m */ = {isa = PBXFileReference; fileEncoding = 4; lastKnownFileType = sourcecode.c.objc; path = DmAccruedAmount.m; sourceTree = "<group>"; };
		C03CAAD519790DEA00BFD8A8 /* DmCouponRates.h */ = {isa = PBXFileReference; fileEncoding = 4; lastKnownFileType = sourcecode.c.h; path = DmCouponRates.h; sourceTree = "<group>"; };
		C03CAAD619790DEA00BFD8A8 /* DmCouponRates.m */ = {isa = PBXFileReference; fileEncoding = 4; lastKnownFileType = sourcecode.c.objc; path = DmCouponRates.m; sourceTree = "<group>"; };
		C03CAAD819790DEA00BFD8A8 /* DmFixedBondScheduleRateAndDate.h */ = {isa = PBXFileReference; fileEncoding = 4; lastKnownFileType = sourcecode.c.h; path = DmFixedBondScheduleRateAndDate.h; sourceTree = "<group>"; };
		C03CAAD919790DEA00BFD8A8 /* DmFixedBondScheduleRateAndDate.m */ = {isa = PBXFileReference; fileEncoding = 4; lastKnownFileType = sourcecode.c.objc; path = DmFixedBondScheduleRateAndDate.m; sourceTree = "<group>"; };
		C03CAADB19790DEB00BFD8A8 /* DmLiborForcastingCurveQutotes.h */ = {isa = PBXFileReference; fileEncoding = 4; lastKnownFileType = sourcecode.c.h; path = DmLiborForcastingCurveQutotes.h; sourceTree = "<group>"; };
		C03CAADC19790DEB00BFD8A8 /* DmLiborForcastingCurveQutotes.m */ = {isa = PBXFileReference; fileEncoding = 4; lastKnownFileType = sourcecode.c.objc; path = DmLiborForcastingCurveQutotes.m; sourceTree = "<group>"; };
		C03CAADE19790DEB00BFD8A8 /* DmFloatingBondScheduleRateAndDate.h */ = {isa = PBXFileReference; fileEncoding = 4; lastKnownFileType = sourcecode.c.h; path = DmFloatingBondScheduleRateAndDate.h; sourceTree = "<group>"; };
		C03CAADF19790DEB00BFD8A8 /* DmFloatingBondScheduleRateAndDate.m */ = {isa = PBXFileReference; fileEncoding = 4; lastKnownFileType = sourcecode.c.objc; path = DmFloatingBondScheduleRateAndDate.m; sourceTree = "<group>"; };
		C03CAAE119790DEB00BFD8A8 /* DmMarketQuotes.h */ = {isa = PBXFileReference; fileEncoding = 4; lastKnownFileType = sourcecode.c.h; path = DmMarketQuotes.h; sourceTree = "<group>"; };
		C03CAAE219790DEB00BFD8A8 /* DmMarketQuotes.m */ = {isa = PBXFileReference; fileEncoding = 4; lastKnownFileType = sourcecode.c.objc; path = DmMarketQuotes.m; sourceTree = "<group>"; };
		C03CAAE719790DEB00BFD8A8 /* DmIssueDates.h */ = {isa = PBXFileReference; fileEncoding = 4; lastKnownFileType = sourcecode.c.h; path = DmIssueDates.h; sourceTree = "<group>"; };
		C03CAAE819790DEB00BFD8A8 /* DmIssueDates.m */ = {isa = PBXFileReference; fileEncoding = 4; lastKnownFileType = sourcecode.c.objc; path = DmIssueDates.m; sourceTree = "<group>"; };
		C03CAAEB197923C000BFD8A8 /* PersistManager.m */ = {isa = PBXFileReference; fileEncoding = 4; lastKnownFileType = sourcecode.c.objc; path = PersistManager.m; sourceTree = "<group>"; };
		C03CAAEC197923C000BFD8A8 /* PersistManager.h */ = {isa = PBXFileReference; fileEncoding = 4; lastKnownFileType = sourcecode.c.h; path = PersistManager.h; sourceTree = "<group>"; };
		C03CAAEE1979283000BFD8A8 /* Data.h */ = {isa = PBXFileReference; lastKnownFileType = sourcecode.c.h; path = Data.h; sourceTree = "<group>"; };
		C03CAAF219792B3100BFD8A8 /* QuantDao.h */ = {isa = PBXFileReference; fileEncoding = 4; lastKnownFileType = sourcecode.c.h; path = QuantDao.h; sourceTree = "<group>"; };
		C03CAAF319792B3100BFD8A8 /* QuantDao.m */ = {isa = PBXFileReference; fileEncoding = 4; lastKnownFileType = sourcecode.c.objc; path = QuantDao.m; sourceTree = "<group>"; };
		C0CE8C37194F23AF009BAD80 /* BondViewController.h */ = {isa = PBXFileReference; fileEncoding = 4; lastKnownFileType = sourcecode.c.h; path = BondViewController.h; sourceTree = "<group>"; };
		C0CE8C38194F23AF009BAD80 /* BondViewController.m */ = {isa = PBXFileReference; fileEncoding = 4; lastKnownFileType = sourcecode.c.objc; path = BondViewController.m; sourceTree = "<group>"; };
		C0CE8C3A194F23D5009BAD80 /* BondResultsViewController.h */ = {isa = PBXFileReference; fileEncoding = 4; lastKnownFileType = sourcecode.c.h; path = BondResultsViewController.h; sourceTree = "<group>"; };
		C0CE8C3B194F23D5009BAD80 /* BondResultsViewController.m */ = {isa = PBXFileReference; fileEncoding = 4; lastKnownFileType = sourcecode.c.objc; path = BondResultsViewController.m; sourceTree = "<group>"; };
		C0CE8C3D194F351C009BAD80 /* TableTableViewController.h */ = {isa = PBXFileReference; fileEncoding = 4; lastKnownFileType = sourcecode.c.h; path = TableTableViewController.h; sourceTree = "<group>"; };
		C0CE8C3E194F351C009BAD80 /* TableTableViewController.m */ = {isa = PBXFileReference; fileEncoding = 4; lastKnownFileType = sourcecode.c.objc; path = TableTableViewController.m; sourceTree = "<group>"; };
		C0CE8C40194F492E009BAD80 /* BondValuesViewController.h */ = {isa = PBXFileReference; fileEncoding = 4; lastKnownFileType = sourcecode.c.h; path = BondValuesViewController.h; sourceTree = "<group>"; };
		C0CE8C41194F492E009BAD80 /* BondValuesViewController.m */ = {isa = PBXFileReference; fileEncoding = 4; lastKnownFileType = sourcecode.c.objc; path = BondValuesViewController.m; sourceTree = "<group>"; };
		C0CE8C43194F4C30009BAD80 /* BondResultViewController.h */ = {isa = PBXFileReference; fileEncoding = 4; lastKnownFileType = sourcecode.c.h; path = BondResultViewController.h; sourceTree = "<group>"; };
		C0CE8C44194F4C30009BAD80 /* BondResultViewController.m */ = {isa = PBXFileReference; fileEncoding = 4; lastKnownFileType = sourcecode.c.objc; path = BondResultViewController.m; sourceTree = "<group>"; };
		C0CE8C48194F4F9B009BAD80 /* PreviousResultsTableViewController.h */ = {isa = PBXFileReference; fileEncoding = 4; lastKnownFileType = sourcecode.c.h; path = PreviousResultsTableViewController.h; sourceTree = "<group>"; };
		C0CE8C49194F4F9B009BAD80 /* PreviousResultsTableViewController.m */ = {isa = PBXFileReference; fileEncoding = 4; lastKnownFileType = sourcecode.c.objc; path = PreviousResultsTableViewController.m; sourceTree = "<group>"; };
		C0CE8C4B194F5A1E009BAD80 /* BondSetValueViewController.h */ = {isa = PBXFileReference; fileEncoding = 4; lastKnownFileType = sourcecode.c.h; path = BondSetValueViewController.h; sourceTree = "<group>"; };
		C0CE8C4C194F5A1E009BAD80 /* BondSetValueViewController.m */ = {isa = PBXFileReference; fileEncoding = 4; lastKnownFileType = sourcecode.c.objc; path = BondSetValueViewController.m; sourceTree = "<group>"; };
		C0F502971978271700E8D448 /* NavigationViewController.h */ = {isa = PBXFileReference; fileEncoding = 4; lastKnownFileType = sourcecode.c.h; path = NavigationViewController.h; sourceTree = "<group>"; };
		C0F502981978271700E8D448 /* NavigationViewController.m */ = {isa = PBXFileReference; fileEncoding = 4; lastKnownFileType = sourcecode.c.objc; path = NavigationViewController.m; sourceTree = "<group>"; };
		C0F9B6E51966D00B00DAC4E8 /* BondImportViewController.h */ = {isa = PBXFileReference; fileEncoding = 4; lastKnownFileType = sourcecode.c.h; path = BondImportViewController.h; sourceTree = "<group>"; };
		C0F9B6E61966D00B00DAC4E8 /* BondImportViewController.m */ = {isa = PBXFileReference; fileEncoding = 4; lastKnownFileType = sourcecode.c.objc; path = BondImportViewController.m; sourceTree = "<group>"; };
		F32A9B901934BCF600BDE337 /* ql.framework */ = {isa = PBXFileReference; lastKnownFileType = wrapper.framework; name = ql.framework; path = ../framework/ql.framework; sourceTree = "<group>"; };
		F32A9B921934BEA900BDE337 /* CheckQl.h */ = {isa = PBXFileReference; fileEncoding = 4; lastKnownFileType = sourcecode.c.h; path = CheckQl.h; sourceTree = "<group>"; };
		F32A9B931934BEA900BDE337 /* CheckQl.mm */ = {isa = PBXFileReference; fileEncoding = 4; lastKnownFileType = sourcecode.cpp.objcpp; path = CheckQl.mm; sourceTree = "<group>"; };
		F32A9B961934BF6400BDE337 /* EquityOption_.h */ = {isa = PBXFileReference; fileEncoding = 4; lastKnownFileType = sourcecode.c.h; path = EquityOption_.h; sourceTree = "<group>"; };
		F32A9B971934BF6400BDE337 /* EquityOption_.mm */ = {isa = PBXFileReference; fileEncoding = 4; lastKnownFileType = sourcecode.cpp.objcpp; path = EquityOption_.mm; sourceTree = "<group>"; };
		F32A9B981934BF6400BDE337 /* Bond.h */ = {isa = PBXFileReference; fileEncoding = 4; lastKnownFileType = sourcecode.c.h; path = Bond.h; sourceTree = "<group>"; };
		F32A9B991934BF6400BDE337 /* Bond.mm */ = {isa = PBXFileReference; fileEncoding = 4; lastKnownFileType = sourcecode.cpp.objcpp; path = Bond.mm; sourceTree = "<group>"; };
		F32A9B9A1934BF6400BDE337 /* MarketModels.h */ = {isa = PBXFileReference; fileEncoding = 4; lastKnownFileType = sourcecode.c.h; path = MarketModels.h; sourceTree = "<group>"; };
		F32A9B9B1934BF6400BDE337 /* MarketModels.mm */ = {isa = PBXFileReference; fileEncoding = 4; lastKnownFileType = sourcecode.cpp.objcpp; path = MarketModels.mm; sourceTree = "<group>"; };
		F32A9B9C1934BF6400BDE337 /* CallableBonds.h */ = {isa = PBXFileReference; fileEncoding = 4; lastKnownFileType = sourcecode.c.h; path = CallableBonds.h; sourceTree = "<group>"; };
		F32A9B9D1934BF6400BDE337 /* CallableBonds.mm */ = {isa = PBXFileReference; fileEncoding = 4; lastKnownFileType = sourcecode.cpp.objcpp; path = CallableBonds.mm; sourceTree = "<group>"; };
		F32A9B9E1934BF6400BDE337 /* DiscreteHedging.h */ = {isa = PBXFileReference; fileEncoding = 4; lastKnownFileType = sourcecode.c.h; path = DiscreteHedging.h; sourceTree = "<group>"; };
		F32A9B9F1934BF6400BDE337 /* DiscreteHedging.mm */ = {isa = PBXFileReference; fileEncoding = 4; lastKnownFileType = sourcecode.cpp.objcpp; path = DiscreteHedging.mm; sourceTree = "<group>"; };
		F32A9BA01934BF6400BDE337 /* FittedBondCurve.h */ = {isa = PBXFileReference; fileEncoding = 4; lastKnownFileType = sourcecode.c.h; path = FittedBondCurve.h; sourceTree = "<group>"; };
		F32A9BA11934BF6400BDE337 /* FittedBondCurve.mm */ = {isa = PBXFileReference; fileEncoding = 4; lastKnownFileType = sourcecode.cpp.objcpp; path = FittedBondCurve.mm; sourceTree = "<group>"; };
		F32A9BA21934BF6400BDE337 /* ForwardRate.h */ = {isa = PBXFileReference; fileEncoding = 4; lastKnownFileType = sourcecode.c.h; path = ForwardRate.h; sourceTree = "<group>"; };
		F32A9BA31934BF6400BDE337 /* ForwardRate.mm */ = {isa = PBXFileReference; fileEncoding = 4; lastKnownFileType = sourcecode.cpp.objcpp; path = ForwardRate.mm; sourceTree = "<group>"; };
		F32A9BA41934BF6400BDE337 /* BermudanSwaption.h */ = {isa = PBXFileReference; fileEncoding = 4; lastKnownFileType = sourcecode.c.h; path = BermudanSwaption.h; sourceTree = "<group>"; };
		F32A9BA51934BF6400BDE337 /* BermudanSwaption.mm */ = {isa = PBXFileReference; fileEncoding = 4; lastKnownFileType = sourcecode.cpp.objcpp; path = BermudanSwaption.mm; sourceTree = "<group>"; };
		F32A9BA61934BF6400BDE337 /* Replication.h */ = {isa = PBXFileReference; fileEncoding = 4; lastKnownFileType = sourcecode.c.h; path = Replication.h; sourceTree = "<group>"; };
		F32A9BA71934BF6400BDE337 /* Replication.mm */ = {isa = PBXFileReference; fileEncoding = 4; lastKnownFileType = sourcecode.cpp.objcpp; path = Replication.mm; sourceTree = "<group>"; };
		F32A9BA81934BF6400BDE337 /* Repo.h */ = {isa = PBXFileReference; fileEncoding = 4; lastKnownFileType = sourcecode.c.h; path = Repo.h; sourceTree = "<group>"; };
		F32A9BA91934BF6400BDE337 /* Repo.mm */ = {isa = PBXFileReference; fileEncoding = 4; lastKnownFileType = sourcecode.cpp.objcpp; path = Repo.mm; sourceTree = "<group>"; };
		F32A9BAA1934BF6400BDE337 /* Swap.h */ = {isa = PBXFileReference; fileEncoding = 4; lastKnownFileType = sourcecode.c.h; path = Swap.h; sourceTree = "<group>"; };
		F32A9BAB1934BF6400BDE337 /* Swap.mm */ = {isa = PBXFileReference; fileEncoding = 4; lastKnownFileType = sourcecode.cpp.objcpp; path = Swap.mm; sourceTree = "<group>"; };
		F32A9BB81934BFB800BDE337 /* Date.h */ = {isa = PBXFileReference; fileEncoding = 4; lastKnownFileType = sourcecode.c.h; path = Date.h; sourceTree = "<group>"; };
		F32A9BB91934BFB800BDE337 /* Date.m */ = {isa = PBXFileReference; fileEncoding = 4; lastKnownFileType = sourcecode.c.objc; path = Date.m; sourceTree = "<group>"; };
		F32A9BBA1934BFB800BDE337 /* DateCategory.h */ = {isa = PBXFileReference; fileEncoding = 4; lastKnownFileType = sourcecode.c.h; path = DateCategory.h; sourceTree = "<group>"; };
		F32A9BBB1934BFB800BDE337 /* DateCategory.m */ = {isa = PBXFileReference; fileEncoding = 4; lastKnownFileType = sourcecode.c.objc; path = DateCategory.m; sourceTree = "<group>"; };
		F32A9BBF1934BFEE00BDE337 /* EquityOptionViewController.h */ = {isa = PBXFileReference; fileEncoding = 4; lastKnownFileType = sourcecode.c.h; path = EquityOptionViewController.h; sourceTree = "<group>"; };
		F32A9BC01934BFEE00BDE337 /* EquityOptionViewController.m */ = {isa = PBXFileReference; fileEncoding = 4; lastKnownFileType = sourcecode.c.objc; path = EquityOptionViewController.m; sourceTree = "<group>"; };
		F32A9BD01934D92000BDE337 /* EquityOptionResults.xib */ = {isa = PBXFileReference; fileEncoding = 4; lastKnownFileType = file.xib; name = EquityOptionResults.xib; path = ../EquityOptionResults.xib; sourceTree = "<group>"; };
		F37DB302193742AC00F91F66 /* MarketMViewController.h */ = {isa = PBXFileReference; fileEncoding = 4; lastKnownFileType = sourcecode.c.h; name = MarketMViewController.h; path = ../MarketMViewController.h; sourceTree = "<group>"; };
		F37DB303193742AC00F91F66 /* MarketMViewController.mm */ = {isa = PBXFileReference; fileEncoding = 4; lastKnownFileType = sourcecode.cpp.objcpp; name = MarketMViewController.mm; path = ../MarketMViewController.mm; sourceTree = "<group>"; };
		F37DB304193742AC00F91F66 /* MarketMViewController.xib */ = {isa = PBXFileReference; fileEncoding = 4; lastKnownFileType = file.xib; name = MarketMViewController.xib; path = ../MarketMViewController.xib; sourceTree = "<group>"; };
		F37DB30A193753F200F91F66 /* Thing.h */ = {isa = PBXFileReference; fileEncoding = 4; lastKnownFileType = sourcecode.c.h; path = Thing.h; sourceTree = "<group>"; };
		F37DB30B193753F200F91F66 /* Thing.mm */ = {isa = PBXFileReference; fileEncoding = 4; lastKnownFileType = sourcecode.cpp.objcpp; path = Thing.mm; sourceTree = "<group>"; };
		F38033A0193B5CB800B6DA1E /* MarketModelParameterViewController.h */ = {isa = PBXFileReference; fileEncoding = 4; lastKnownFileType = sourcecode.c.h; path = MarketModelParameterViewController.h; sourceTree = "<group>"; };
		F38033A1193B5CB800B6DA1E /* MarketModelParameterViewController.m */ = {isa = PBXFileReference; fileEncoding = 4; lastKnownFileType = sourcecode.c.objc; path = MarketModelParameterViewController.m; sourceTree = "<group>"; };
/* End PBXFileReference section */

/* Begin PBXFrameworksBuildPhase section */
		339F43CE1934BBC9000F6923 /* Frameworks */ = {
			isa = PBXFrameworksBuildPhase;
			buildActionMask = 2147483647;
			files = (
				F32A9B911934BCF700BDE337 /* ql.framework in Frameworks */,
				339F43D71934BBC9000F6923 /* CoreGraphics.framework in Frameworks */,
				339F43DB1934BBC9000F6923 /* CoreData.framework in Frameworks */,
				339F43D91934BBC9000F6923 /* UIKit.framework in Frameworks */,
				339F43D51934BBC9000F6923 /* Foundation.framework in Frameworks */,
				4C59C278E89D42B4AFDED473 /* libPods.a in Frameworks */,
			);
			runOnlyForDeploymentPostprocessing = 0;
		};
		339F43FA1934BBC9000F6923 /* Frameworks */ = {
			isa = PBXFrameworksBuildPhase;
			buildActionMask = 2147483647;
			files = (
				339F43FF1934BBC9000F6923 /* XCTest.framework in Frameworks */,
				339F44021934BBC9000F6923 /* CoreData.framework in Frameworks */,
				339F44011934BBC9000F6923 /* UIKit.framework in Frameworks */,
				339F44001934BBC9000F6923 /* Foundation.framework in Frameworks */,
			);
			runOnlyForDeploymentPostprocessing = 0;
		};
/* End PBXFrameworksBuildPhase section */

/* Begin PBXGroup section */
		339F43C81934BBC9000F6923 = {
			isa = PBXGroup;
			children = (
				339F43DC1934BBC9000F6923 /* QuantTrader */,
				339F44051934BBC9000F6923 /* QuantTraderTests */,
				339F43D31934BBC9000F6923 /* Frameworks */,
				339F43D21934BBC9000F6923 /* Products */,
				8844B9769D704D08BC6A5EE0 /* Pods.xcconfig */,
			);
			sourceTree = "<group>";
		};
		339F43D21934BBC9000F6923 /* Products */ = {
			isa = PBXGroup;
			children = (
				339F43D11934BBC9000F6923 /* QuantTrader.app */,
				339F43FD1934BBC9000F6923 /* QuantTraderTests.xctest */,
			);
			name = Products;
			sourceTree = "<group>";
		};
		339F43D31934BBC9000F6923 /* Frameworks */ = {
			isa = PBXGroup;
			children = (
				F32A9B901934BCF600BDE337 /* ql.framework */,
				339F43D41934BBC9000F6923 /* Foundation.framework */,
				339F43D61934BBC9000F6923 /* CoreGraphics.framework */,
				339F43D81934BBC9000F6923 /* UIKit.framework */,
				339F43DA1934BBC9000F6923 /* CoreData.framework */,
				339F43FE1934BBC9000F6923 /* XCTest.framework */,
				2DF9A07A6B8540DD970ACFEE /* libPods.a */,
			);
			name = Frameworks;
			sourceTree = "<group>";
		};
		339F43DC1934BBC9000F6923 /* QuantTrader */ = {
			isa = PBXGroup;
			children = (
				C03CAAEA197923AD00BFD8A8 /* Services */,
				C0F50296197826E800E8D448 /* Navigaiton Con */,
				F37DB309193753DD00F91F66 /* CPP Container */,
				F37DB3081937438E00F91F66 /* Example ViewCons */,
				F37DB3071937434700F91F66 /* Nibs */,
				F37DB301193741C800F91F66 /* Delegate */,
				F37DB300193741BA00F91F66 /* DM */,
				F37DB2FF193741AE00F91F66 /* IB */,
				F37DB2FE1937419D00F91F66 /* UI */,
				F32A9BBE1934BFE200BDE337 /* ViewController */,
				F32A9BB71934BFA500BDE337 /* Date */,
				F32A9B951934BF5500BDE337 /* Examples */,
				339F43DD1934BBC9000F6923 /* Supporting Files */,
				F32A9B921934BEA900BDE337 /* CheckQl.h */,
				F32A9B931934BEA900BDE337 /* CheckQl.mm */,
			);
			path = QuantTrader;
			sourceTree = "<group>";
		};
		339F43DD1934BBC9000F6923 /* Supporting Files */ = {
			isa = PBXGroup;
			children = (
				339F43DE1934BBC9000F6923 /* QuantTrader-Info.plist */,
				339F43DF1934BBC9000F6923 /* InfoPlist.strings */,
				339F43E21934BBC9000F6923 /* main.m */,
				339F43E41934BBC9000F6923 /* QuantTrader-Prefix.pch */,
			);
			name = "Supporting Files";
			sourceTree = "<group>";
		};
		339F44051934BBC9000F6923 /* QuantTraderTests */ = {
			isa = PBXGroup;
			children = (
				339F440B1934BBC9000F6923 /* QuantTraderTests.m */,
				339F44061934BBC9000F6923 /* Supporting Files */,
			);
			path = QuantTraderTests;
			sourceTree = "<group>";
		};
		339F44061934BBC9000F6923 /* Supporting Files */ = {
			isa = PBXGroup;
			children = (
				339F44071934BBC9000F6923 /* QuantTraderTests-Info.plist */,
				339F44081934BBC9000F6923 /* InfoPlist.strings */,
			);
			name = "Supporting Files";
			sourceTree = "<group>";
		};
		C03CAAEA197923AD00BFD8A8 /* Services */ = {
			isa = PBXGroup;
			children = (
				C03CAAEB197923C000BFD8A8 /* PersistManager.m */,
				C03CAAEC197923C000BFD8A8 /* PersistManager.h */,
				C03CAAF219792B3100BFD8A8 /* QuantDao.h */,
				C03CAAF319792B3100BFD8A8 /* QuantDao.m */,
			);
			name = Services;
			sourceTree = "<group>";
		};
		C0CE8C46194F4C3D009BAD80 /* Bond */ = {
			isa = PBXGroup;
			children = (
				C0CE8C37194F23AF009BAD80 /* BondViewController.h */,
				C0CE8C38194F23AF009BAD80 /* BondViewController.m */,
				C0CE8C3A194F23D5009BAD80 /* BondResultsViewController.h */,
				C0CE8C3B194F23D5009BAD80 /* BondResultsViewController.m */,
				C0CE8C40194F492E009BAD80 /* BondValuesViewController.h */,
				C0CE8C41194F492E009BAD80 /* BondValuesViewController.m */,
				C0CE8C43194F4C30009BAD80 /* BondResultViewController.h */,
				C0CE8C44194F4C30009BAD80 /* BondResultViewController.m */,
				C0CE8C48194F4F9B009BAD80 /* PreviousResultsTableViewController.h */,
				C0CE8C49194F4F9B009BAD80 /* PreviousResultsTableViewController.m */,
				C0CE8C4B194F5A1E009BAD80 /* BondSetValueViewController.h */,
				C0CE8C4C194F5A1E009BAD80 /* BondSetValueViewController.m */,
				C0F9B6E51966D00B00DAC4E8 /* BondImportViewController.h */,
				C0F9B6E61966D00B00DAC4E8 /* BondImportViewController.m */,
			);
			name = Bond;
			sourceTree = "<group>";
		};
		C0CE8C47194F4C51009BAD80 /* Market Model */ = {
			isa = PBXGroup;
			children = (
				F37DB302193742AC00F91F66 /* MarketMViewController.h */,
				F37DB303193742AC00F91F66 /* MarketMViewController.mm */,
				F38033A0193B5CB800B6DA1E /* MarketModelParameterViewController.h */,
				F38033A1193B5CB800B6DA1E /* MarketModelParameterViewController.m */,
			);
			name = "Market Model";
			sourceTree = "<group>";
		};
		C0F50296197826E800E8D448 /* Navigaiton Con */ = {
			isa = PBXGroup;
			children = (
				C0F502971978271700E8D448 /* NavigationViewController.h */,
				C0F502981978271700E8D448 /* NavigationViewController.m */,
			);
			name = "Navigaiton Con";
			sourceTree = "<group>";
		};
		F32A9B951934BF5500BDE337 /* Examples */ = {
			isa = PBXGroup;
			children = (
				F32A9B961934BF6400BDE337 /* EquityOption_.h */,
				F32A9B971934BF6400BDE337 /* EquityOption_.mm */,
				F32A9B981934BF6400BDE337 /* Bond.h */,
				F32A9B991934BF6400BDE337 /* Bond.mm */,
				F32A9B9A1934BF6400BDE337 /* MarketModels.h */,
				F32A9B9B1934BF6400BDE337 /* MarketModels.mm */,
				F32A9B9C1934BF6400BDE337 /* CallableBonds.h */,
				F32A9B9D1934BF6400BDE337 /* CallableBonds.mm */,
				F32A9B9E1934BF6400BDE337 /* DiscreteHedging.h */,
				F32A9B9F1934BF6400BDE337 /* DiscreteHedging.mm */,
				F32A9BA01934BF6400BDE337 /* FittedBondCurve.h */,
				F32A9BA11934BF6400BDE337 /* FittedBondCurve.mm */,
				F32A9BA21934BF6400BDE337 /* ForwardRate.h */,
				F32A9BA31934BF6400BDE337 /* ForwardRate.mm */,
				F32A9BA41934BF6400BDE337 /* BermudanSwaption.h */,
				F32A9BA51934BF6400BDE337 /* BermudanSwaption.mm */,
				F32A9BA61934BF6400BDE337 /* Replication.h */,
				F32A9BA71934BF6400BDE337 /* Replication.mm */,
				F32A9BA81934BF6400BDE337 /* Repo.h */,
				F32A9BA91934BF6400BDE337 /* Repo.mm */,
				F32A9BAA1934BF6400BDE337 /* Swap.h */,
				F32A9BAB1934BF6400BDE337 /* Swap.mm */,
			);
			name = Examples;
			sourceTree = "<group>";
		};
		F32A9BB71934BFA500BDE337 /* Date */ = {
			isa = PBXGroup;
			children = (
				F32A9BB81934BFB800BDE337 /* Date.h */,
				F32A9BB91934BFB800BDE337 /* Date.m */,
				F32A9BBA1934BFB800BDE337 /* DateCategory.h */,
				F32A9BBB1934BFB800BDE337 /* DateCategory.m */,
			);
			name = Date;
			sourceTree = "<group>";
		};
		F32A9BBE1934BFE200BDE337 /* ViewController */ = {
			isa = PBXGroup;
			children = (
				F32A9BBF1934BFEE00BDE337 /* EquityOptionViewController.h */,
				F32A9BC01934BFEE00BDE337 /* EquityOptionViewController.m */,
				C004735B19B7325E00A69E04 /* EquityResultsViewController.h */,
				C004735C19B7325E00A69E04 /* EquityResultsViewController.m */,
			);
			name = ViewController;
			sourceTree = "<group>";
		};
		F37DB2FE1937419D00F91F66 /* UI */ = {
			isa = PBXGroup;
			children = (
				339F43F11934BBC9000F6923 /* MasterViewController.h */,
				339F43F21934BBC9000F6923 /* MasterViewController.m */,
				339F43F41934BBC9000F6923 /* DetailViewController.h */,
				339F43F51934BBC9000F6923 /* DetailViewController.m */,
			);
			name = UI;
			sourceTree = "<group>";
		};
		F37DB2FF193741AE00F91F66 /* IB */ = {
			isa = PBXGroup;
			children = (
				339F43E81934BBC9000F6923 /* Main_iPhone.storyboard */,
				339F43EB1934BBC9000F6923 /* Main_iPad.storyboard */,
			);
			name = IB;
			sourceTree = "<group>";
		};
		F37DB300193741BA00F91F66 /* DM */ = {
			isa = PBXGroup;
			children = (
				C0094DC7197EBBFA006AAB94 /* DmReplication.h */,
				C0094DC8197EBBFA006AAB94 /* DmReplication.m */,
				C0094DC4197EBBFA006AAB94 /* DmCallableBonds.h */,
				C0094DC5197EBBFA006AAB94 /* DmCallableBonds.m */,
				C0094DC1197EBBFA006AAB94 /* DmRepo.h */,
				C0094DC2197EBBFA006AAB94 /* DmRepo.m */,
				C0094DBE197EBBFA006AAB94 /* DmMarketModel.h */,
				C0094DBF197EBBFA006AAB94 /* DmMarketModel.m */,
				C0094DBB197EBBFA006AAB94 /* DmEquity.h */,
				C0094DBC197EBBFA006AAB94 /* DmEquity.m */,
				C0094DB8197EBBFA006AAB94 /* DmBermudanSwaption.h */,
				C0094DB9197EBBFA006AAB94 /* DmBermudanSwaption.m */,
				C0094DB5197EBBF9006AAB94 /* DmForwardRate.h */,
				C0094DB6197EBBF9006AAB94 /* DmForwardRate.m */,
				C0094DB2197EBBF9006AAB94 /* DmFittedBondCurve.h */,
				C0094DB3197EBBF9006AAB94 /* DmFittedBondCurve.m */,
				C0094DAF197EBBE3006AAB94 /* DmDiscreteHedging.h */,
				C0094DB0197EBBE3006AAB94 /* DmDiscreteHedging.m */,
				C0094DA9197D1BC2006AAB94 /* DmBond.h */,
				C0094DAA197D1BC2006AAB94 /* DmBond.m */,
				C0094DA3197A7220006AAB94 /* DmZeroCouponQuotes.h */,
				C0094DA4197A7220006AAB94 /* DmZeroCouponQuotes.m */,
				339F43F71934BBC9000F6923 /* Images.xcassets */,
				339F43EE1934BBC9000F6923 /* QuantTrader.xcdatamodeld */,
				C03CAAE719790DEB00BFD8A8 /* DmIssueDates.h */,
				C03CAAE819790DEB00BFD8A8 /* DmIssueDates.m */,
				C03CAAE119790DEB00BFD8A8 /* DmMarketQuotes.h */,
				C03CAAE219790DEB00BFD8A8 /* DmMarketQuotes.m */,
				C03CAADE19790DEB00BFD8A8 /* DmFloatingBondScheduleRateAndDate.h */,
				C03CAADF19790DEB00BFD8A8 /* DmFloatingBondScheduleRateAndDate.m */,
				C03CAADB19790DEB00BFD8A8 /* DmLiborForcastingCurveQutotes.h */,
				C03CAADC19790DEB00BFD8A8 /* DmLiborForcastingCurveQutotes.m */,
				C03CAAD819790DEA00BFD8A8 /* DmFixedBondScheduleRateAndDate.h */,
				C03CAAD919790DEA00BFD8A8 /* DmFixedBondScheduleRateAndDate.m */,
				C03CAAD519790DEA00BFD8A8 /* DmCouponRates.h */,
				C03CAAD619790DEA00BFD8A8 /* DmCouponRates.m */,
				C03CAAD219790DEA00BFD8A8 /* DmAccruedAmount.h */,
				C03CAAD319790DEA00BFD8A8 /* DmAccruedAmount.m */,
				C03CAACF19790DEA00BFD8A8 /* DmSwapQuotes.h */,
				C03CAAD019790DEA00BFD8A8 /* DmSwapQuotes.m */,
				C03CAACC19790DE900BFD8A8 /* DmMaturityDates.h */,
				C03CAACD19790DE900BFD8A8 /* DmMaturityDates.m */,
				C03CAAEE1979283000BFD8A8 /* Data.h */,
				C0094DAC197EA5A8006AAB94 /* ParameterInitializer.h */,
				C0094DAD197EA5A8006AAB94 /* ParameterInitializer.m */,
			);
			name = DM;
			sourceTree = "<group>";
		};
		F37DB301193741C800F91F66 /* Delegate */ = {
			isa = PBXGroup;
			children = (
				339F43E51934BBC9000F6923 /* AppDelegate.h */,
				339F43E61934BBC9000F6923 /* AppDelegate.m */,
			);
			name = Delegate;
			sourceTree = "<group>";
		};
		F37DB3071937434700F91F66 /* Nibs */ = {
			isa = PBXGroup;
			children = (
				F37DB304193742AC00F91F66 /* MarketMViewController.xib */,
				F32A9BD01934D92000BDE337 /* EquityOptionResults.xib */,
			);
			name = Nibs;
			sourceTree = "<group>";
		};
		F37DB3081937438E00F91F66 /* Example ViewCons */ = {
			isa = PBXGroup;
			children = (
				C0CE8C47194F4C51009BAD80 /* Market Model */,
				C0CE8C46194F4C3D009BAD80 /* Bond */,
				C0CE8C3D194F351C009BAD80 /* TableTableViewController.h */,
				C0CE8C3E194F351C009BAD80 /* TableTableViewController.m */,
			);
			name = "Example ViewCons";
			sourceTree = "<group>";
		};
		F37DB309193753DD00F91F66 /* CPP Container */ = {
			isa = PBXGroup;
			children = (
				F37DB30A193753F200F91F66 /* Thing.h */,
				F37DB30B193753F200F91F66 /* Thing.mm */,
			);
			name = "CPP Container";
			sourceTree = "<group>";
		};
/* End PBXGroup section */

/* Begin PBXNativeTarget section */
		339F43D01934BBC9000F6923 /* QuantTrader */ = {
			isa = PBXNativeTarget;
			buildConfigurationList = 339F440F1934BBC9000F6923 /* Build configuration list for PBXNativeTarget "QuantTrader" */;
			buildPhases = (
				ABA7DFD6AADE42EB980957BD /* Check Pods Manifest.lock */,
				339F43CD1934BBC9000F6923 /* Sources */,
				339F43CE1934BBC9000F6923 /* Frameworks */,
				339F43CF1934BBC9000F6923 /* Resources */,
				5F0EA3D78924472EA86AA8EF /* Copy Pods Resources */,
			);
			buildRules = (
			);
			dependencies = (
			);
			name = QuantTrader;
			productName = QuantTrader;
			productReference = 339F43D11934BBC9000F6923 /* QuantTrader.app */;
			productType = "com.apple.product-type.application";
		};
		339F43FC1934BBC9000F6923 /* QuantTraderTests */ = {
			isa = PBXNativeTarget;
			buildConfigurationList = 339F44121934BBC9000F6923 /* Build configuration list for PBXNativeTarget "QuantTraderTests" */;
			buildPhases = (
				339F43F91934BBC9000F6923 /* Sources */,
				339F43FA1934BBC9000F6923 /* Frameworks */,
				339F43FB1934BBC9000F6923 /* Resources */,
			);
			buildRules = (
			);
			dependencies = (
				339F44041934BBC9000F6923 /* PBXTargetDependency */,
			);
			name = QuantTraderTests;
			productName = QuantTraderTests;
			productReference = 339F43FD1934BBC9000F6923 /* QuantTraderTests.xctest */;
			productType = "com.apple.product-type.bundle.unit-test";
		};
/* End PBXNativeTarget section */

/* Begin PBXProject section */
		339F43C91934BBC9000F6923 /* Project object */ = {
			isa = PBXProject;
			attributes = {
				LastUpgradeCheck = 0510;
				ORGANIZATIONNAME = "Colman Marcus-Quinn";
				TargetAttributes = {
					339F43D01934BBC9000F6923 = {
						DevelopmentTeam = 7Q5PH58GL9;
					};
					339F43FC1934BBC9000F6923 = {
						TestTargetID = 339F43D01934BBC9000F6923;
					};
				};
			};
			buildConfigurationList = 339F43CC1934BBC9000F6923 /* Build configuration list for PBXProject "QuantTrader" */;
			compatibilityVersion = "Xcode 3.2";
			developmentRegion = English;
			hasScannedForEncodings = 0;
			knownRegions = (
				en,
				Base,
			);
			mainGroup = 339F43C81934BBC9000F6923;
			productRefGroup = 339F43D21934BBC9000F6923 /* Products */;
			projectDirPath = "";
			projectRoot = "";
			targets = (
				339F43D01934BBC9000F6923 /* QuantTrader */,
				339F43FC1934BBC9000F6923 /* QuantTraderTests */,
			);
		};
/* End PBXProject section */

/* Begin PBXResourcesBuildPhase section */
		339F43CF1934BBC9000F6923 /* Resources */ = {
			isa = PBXResourcesBuildPhase;
			buildActionMask = 2147483647;
			files = (
				339F43ED1934BBC9000F6923 /* Main_iPad.storyboard in Resources */,
				339F43F81934BBC9000F6923 /* Images.xcassets in Resources */,
				F37DB306193742AD00F91F66 /* MarketMViewController.xib in Resources */,
				339F43EA1934BBC9000F6923 /* Main_iPhone.storyboard in Resources */,
				339F43E11934BBC9000F6923 /* InfoPlist.strings in Resources */,
				F32A9BD11934D92000BDE337 /* EquityOptionResults.xib in Resources */,
			);
			runOnlyForDeploymentPostprocessing = 0;
		};
		339F43FB1934BBC9000F6923 /* Resources */ = {
			isa = PBXResourcesBuildPhase;
			buildActionMask = 2147483647;
			files = (
				339F440A1934BBC9000F6923 /* InfoPlist.strings in Resources */,
			);
			runOnlyForDeploymentPostprocessing = 0;
		};
/* End PBXResourcesBuildPhase section */

/* Begin PBXShellScriptBuildPhase section */
		5F0EA3D78924472EA86AA8EF /* Copy Pods Resources */ = {
			isa = PBXShellScriptBuildPhase;
			buildActionMask = 2147483647;
			files = (
			);
			inputPaths = (
			);
			name = "Copy Pods Resources";
			outputPaths = (
			);
			runOnlyForDeploymentPostprocessing = 0;
			shellPath = /bin/sh;
			shellScript = "\"${SRCROOT}/Pods/Pods-resources.sh\"\n";
			showEnvVarsInLog = 0;
		};
		ABA7DFD6AADE42EB980957BD /* Check Pods Manifest.lock */ = {
			isa = PBXShellScriptBuildPhase;
			buildActionMask = 2147483647;
			files = (
			);
			inputPaths = (
			);
			name = "Check Pods Manifest.lock";
			outputPaths = (
			);
			runOnlyForDeploymentPostprocessing = 0;
			shellPath = /bin/sh;
			shellScript = "diff \"${PODS_ROOT}/../Podfile.lock\" \"${PODS_ROOT}/Manifest.lock\" > /dev/null\nif [[ $? != 0 ]] ; then\n    cat << EOM\nerror: The sandbox is not in sync with the Podfile.lock. Run 'pod install' or update your CocoaPods installation.\nEOM\n    exit 1\nfi\n";
			showEnvVarsInLog = 0;
		};
/* End PBXShellScriptBuildPhase section */

/* Begin PBXSourcesBuildPhase section */
		339F43CD1934BBC9000F6923 /* Sources */ = {
			isa = PBXSourcesBuildPhase;
			buildActionMask = 2147483647;
			files = (
				F32A9BC11934BFEE00BDE337 /* EquityOptionViewController.m in Sources */,
				C03CAAE319790DEB00BFD8A8 /* DmMarketQuotes.m in Sources */,
				C03CAACE19790DE900BFD8A8 /* DmMaturityDates.m in Sources */,
				F32A9BB31934BF6400BDE337 /* BermudanSwaption.mm in Sources */,
				C03CAAE919790DEB00BFD8A8 /* DmIssueDates.m in Sources */,
				F32A9BBC1934BFB800BDE337 /* Date.m in Sources */,
				339F43F61934BBC9000F6923 /* DetailViewController.m in Sources */,
				C0F502991978271700E8D448 /* NavigationViewController.m in Sources */,
				C03CAAE019790DEB00BFD8A8 /* DmFloatingBondScheduleRateAndDate.m in Sources */,
				F32A9B941934BEA900BDE337 /* CheckQl.mm in Sources */,
				F38033A2193B5CB800B6DA1E /* MarketModelParameterViewController.m in Sources */,
				C0F9B6E71966D00B00DAC4E8 /* BondImportViewController.m in Sources */,
				F32A9BB41934BF6400BDE337 /* Replication.mm in Sources */,
				F32A9BAD1934BF6400BDE337 /* Bond.mm in Sources */,
				F32A9BB51934BF6400BDE337 /* Repo.mm in Sources */,
				339F43F31934BBC9000F6923 /* MasterViewController.m in Sources */,
				C0094DBD197EBBFA006AAB94 /* DmEquity.m in Sources */,
				C0CE8C45194F4C30009BAD80 /* BondResultViewController.m in Sources */,
				F32A9BBD1934BFB800BDE337 /* DateCategory.m in Sources */,
				C0094DAE197EA5A8006AAB94 /* ParameterInitializer.m in Sources */,
				C0094DBA197EBBFA006AAB94 /* DmBermudanSwaption.m in Sources */,
				C03CAAF419792B3100BFD8A8 /* QuantDao.m in Sources */,
				C0CE8C4D194F5A1E009BAD80 /* BondSetValueViewController.m in Sources */,
				F37DB30C193753F200F91F66 /* Thing.mm in Sources */,
				C0094DAB197D1BC2006AAB94 /* DmBond.m in Sources */,
				C0094DB4197EBBF9006AAB94 /* DmFittedBondCurve.m in Sources */,
				C004735D19B7325E00A69E04 /* EquityResultsViewController.m in Sources */,
				F32A9BB61934BF6400BDE337 /* Swap.mm in Sources */,
				C03CAADA19790DEA00BFD8A8 /* DmFixedBondScheduleRateAndDate.m in Sources */,
				C0094DB7197EBBF9006AAB94 /* DmForwardRate.m in Sources */,
				C0CE8C42194F492E009BAD80 /* BondValuesViewController.m in Sources */,
				F32A9BAF1934BF6400BDE337 /* CallableBonds.mm in Sources */,
				C0094DC9197EBBFA006AAB94 /* DmReplication.m in Sources */,
				C0CE8C3F194F351C009BAD80 /* TableTableViewController.m in Sources */,
				C0094DC0197EBBFA006AAB94 /* DmMarketModel.m in Sources */,
				F32A9BB01934BF6400BDE337 /* DiscreteHedging.mm in Sources */,
				C03CAADD19790DEB00BFD8A8 /* DmLiborForcastingCurveQutotes.m in Sources */,
				C03CAAD719790DEA00BFD8A8 /* DmCouponRates.m in Sources */,
				F32A9BB21934BF6400BDE337 /* ForwardRate.mm in Sources */,
				C0094DB1197EBBE3006AAB94 /* DmDiscreteHedging.m in Sources */,
				C03CAAD419790DEA00BFD8A8 /* DmAccruedAmount.m in Sources */,
				F32A9BB11934BF6400BDE337 /* FittedBondCurve.mm in Sources */,
				C0094DA5197A7220006AAB94 /* DmZeroCouponQuotes.m in Sources */,
				C0CE8C39194F23AF009BAD80 /* BondViewController.m in Sources */,
				F32A9BAE1934BF6400BDE337 /* MarketModels.mm in Sources */,
				339F43E71934BBC9000F6923 /* AppDelegate.m in Sources */,
				339F43F01934BBC9000F6923 /* QuantTrader.xcdatamodeld in Sources */,
				C03CAAD119790DEA00BFD8A8 /* DmSwapQuotes.m in Sources */,
				F37DB305193742AD00F91F66 /* MarketMViewController.mm in Sources */,
				C0094DC6197EBBFA006AAB94 /* DmCallableBonds.m in Sources */,
				C0094DC3197EBBFA006AAB94 /* DmRepo.m in Sources */,
				339F43E31934BBC9000F6923 /* main.m in Sources */,
				C03CAAED197923C000BFD8A8 /* PersistManager.m in Sources */,
				C0CE8C3C194F23D5009BAD80 /* BondResultsViewController.m in Sources */,
				F32A9BAC1934BF6400BDE337 /* EquityOption_.mm in Sources */,
				C0CE8C4A194F4F9B009BAD80 /* PreviousResultsTableViewController.m in Sources */,
			);
			runOnlyForDeploymentPostprocessing = 0;
		};
		339F43F91934BBC9000F6923 /* Sources */ = {
			isa = PBXSourcesBuildPhase;
			buildActionMask = 2147483647;
			files = (
				339F440C1934BBC9000F6923 /* QuantTraderTests.m in Sources */,
			);
			runOnlyForDeploymentPostprocessing = 0;
		};
/* End PBXSourcesBuildPhase section */

/* Begin PBXTargetDependency section */
		339F44041934BBC9000F6923 /* PBXTargetDependency */ = {
			isa = PBXTargetDependency;
			target = 339F43D01934BBC9000F6923 /* QuantTrader */;
			targetProxy = 339F44031934BBC9000F6923 /* PBXContainerItemProxy */;
		};
/* End PBXTargetDependency section */

/* Begin PBXVariantGroup section */
		339F43DF1934BBC9000F6923 /* InfoPlist.strings */ = {
			isa = PBXVariantGroup;
			children = (
				339F43E01934BBC9000F6923 /* en */,
			);
			name = InfoPlist.strings;
			sourceTree = "<group>";
		};
		339F43E81934BBC9000F6923 /* Main_iPhone.storyboard */ = {
			isa = PBXVariantGroup;
			children = (
				339F43E91934BBC9000F6923 /* Base */,
			);
			name = Main_iPhone.storyboard;
			sourceTree = "<group>";
		};
		339F43EB1934BBC9000F6923 /* Main_iPad.storyboard */ = {
			isa = PBXVariantGroup;
			children = (
				339F43EC1934BBC9000F6923 /* Base */,
			);
			name = Main_iPad.storyboard;
			sourceTree = "<group>";
		};
		339F44081934BBC9000F6923 /* InfoPlist.strings */ = {
			isa = PBXVariantGroup;
			children = (
				339F44091934BBC9000F6923 /* en */,
			);
			name = InfoPlist.strings;
			sourceTree = "<group>";
		};
/* End PBXVariantGroup section */

/* Begin XCBuildConfiguration section */
		339F440D1934BBC9000F6923 /* Debug */ = {
			isa = XCBuildConfiguration;
			buildSettings = {
				ALWAYS_SEARCH_USER_PATHS = NO;
				CLANG_CXX_LANGUAGE_STANDARD = "gnu++0x";
				CLANG_CXX_LIBRARY = "libstdc++";
				CLANG_ENABLE_MODULES = YES;
				CLANG_ENABLE_OBJC_ARC = YES;
				CLANG_WARN_BOOL_CONVERSION = YES;
				CLANG_WARN_CONSTANT_CONVERSION = YES;
				CLANG_WARN_DIRECT_OBJC_ISA_USAGE = YES_ERROR;
				CLANG_WARN_EMPTY_BODY = YES;
				CLANG_WARN_ENUM_CONVERSION = YES;
				CLANG_WARN_INT_CONVERSION = YES;
				CLANG_WARN_OBJC_ROOT_CLASS = YES_ERROR;
				CLANG_WARN__DUPLICATE_METHOD_MATCH = YES;
				CODE_SIGN_IDENTITY = "iPhone Distribution";
				"CODE_SIGN_IDENTITY[sdk=iphoneos*]" = "iPhone Distribution";
				COPY_PHASE_STRIP = NO;
				GCC_C_LANGUAGE_STANDARD = gnu99;
				GCC_DYNAMIC_NO_PIC = NO;
				GCC_OPTIMIZATION_LEVEL = 0;
				GCC_PREPROCESSOR_DEFINITIONS = (
					"DEBUG=1",
					"$(inherited)",
				);
				GCC_SYMBOLS_PRIVATE_EXTERN = NO;
				GCC_WARN_64_TO_32_BIT_CONVERSION = YES;
				GCC_WARN_ABOUT_RETURN_TYPE = YES_ERROR;
				GCC_WARN_UNDECLARED_SELECTOR = YES;
				GCC_WARN_UNINITIALIZED_AUTOS = YES_AGGRESSIVE;
				GCC_WARN_UNUSED_FUNCTION = YES;
				GCC_WARN_UNUSED_VARIABLE = YES;
				IPHONEOS_DEPLOYMENT_TARGET = 7.1;
				ONLY_ACTIVE_ARCH = YES;
				SDKROOT = iphoneos;
				TARGETED_DEVICE_FAMILY = "1,2";
			};
			name = Debug;
		};
		339F440E1934BBC9000F6923 /* Release */ = {
			isa = XCBuildConfiguration;
			buildSettings = {
				ALWAYS_SEARCH_USER_PATHS = NO;
				CLANG_CXX_LANGUAGE_STANDARD = "gnu++0x";
				CLANG_CXX_LIBRARY = "libstdc++";
				CLANG_ENABLE_MODULES = YES;
				CLANG_ENABLE_OBJC_ARC = YES;
				CLANG_WARN_BOOL_CONVERSION = YES;
				CLANG_WARN_CONSTANT_CONVERSION = YES;
				CLANG_WARN_DIRECT_OBJC_ISA_USAGE = YES_ERROR;
				CLANG_WARN_EMPTY_BODY = YES;
				CLANG_WARN_ENUM_CONVERSION = YES;
				CLANG_WARN_INT_CONVERSION = YES;
				CLANG_WARN_OBJC_ROOT_CLASS = YES_ERROR;
				CLANG_WARN__DUPLICATE_METHOD_MATCH = YES;
				CODE_SIGN_IDENTITY = "iPhone Distribution";
				"CODE_SIGN_IDENTITY[sdk=iphoneos*]" = "iPhone Distribution";
				COPY_PHASE_STRIP = YES;
				ENABLE_NS_ASSERTIONS = NO;
				GCC_C_LANGUAGE_STANDARD = gnu99;
				GCC_WARN_64_TO_32_BIT_CONVERSION = YES;
				GCC_WARN_ABOUT_RETURN_TYPE = YES_ERROR;
				GCC_WARN_UNDECLARED_SELECTOR = YES;
				GCC_WARN_UNINITIALIZED_AUTOS = YES_AGGRESSIVE;
				GCC_WARN_UNUSED_FUNCTION = YES;
				GCC_WARN_UNUSED_VARIABLE = YES;
				IPHONEOS_DEPLOYMENT_TARGET = 7.1;
				SDKROOT = iphoneos;
				TARGETED_DEVICE_FAMILY = "1,2";
				VALIDATE_PRODUCT = YES;
			};
			name = Release;
		};
		339F44101934BBC9000F6923 /* Debug */ = {
			isa = XCBuildConfiguration;
			baseConfigurationReference = 8844B9769D704D08BC6A5EE0 /* Pods.xcconfig */;
			buildSettings = {
				ASSETCATALOG_COMPILER_APPICON_NAME = AppIcon;
				ASSETCATALOG_COMPILER_LAUNCHIMAGE_NAME = LaunchImage;
				CODE_SIGN_IDENTITY = "iPhone Developer: Colman Marcus-Quinn (3KTH5WMZFD)";
				"CODE_SIGN_IDENTITY[sdk=iphoneos*]" = "iPhone Distribution";
				FRAMEWORK_SEARCH_PATHS = (
					"$(inherited)",
					"\"/Volumes/Untitled_3/copy\\ from\\ temp\\ drive/Neuer\\ Ordner/orig/zips/QuantLib-1.2.1/framework\"/**",
					"\"/Volumes/Untitled_3/copy\\ from\\ temp\\ drive/Neuer\\ Ordner/orig/boostoniphone-master/ios/framework\"/**",
				);
				GCC_PRECOMPILE_PREFIX_HEADER = YES;
				GCC_PREFIX_HEADER = "QuantTrader/QuantTrader-Prefix.pch";
				INFOPLIST_FILE = "QuantTrader/QuantTrader-Info.plist";
				IPHONEOS_DEPLOYMENT_TARGET = 7.1;
				PRODUCT_NAME = "$(TARGET_NAME)";
				PROVISIONING_PROFILE = "ca5474fc-95a9-4ac0-9413-8363e0b25fc6";
				VALID_ARCHS = "armv7 armv7s";
				WRAPPER_EXTENSION = app;
			};
			name = Debug;
		};
		339F44111934BBC9000F6923 /* Release */ = {
			isa = XCBuildConfiguration;
			baseConfigurationReference = 8844B9769D704D08BC6A5EE0 /* Pods.xcconfig */;
			buildSettings = {
				ASSETCATALOG_COMPILER_APPICON_NAME = AppIcon;
				ASSETCATALOG_COMPILER_LAUNCHIMAGE_NAME = LaunchImage;
				CODE_SIGN_IDENTITY = "iPhone Developer: Colman Marcus-Quinn (3KTH5WMZFD)";
				"CODE_SIGN_IDENTITY[sdk=iphoneos*]" = "iPhone Distribution";
				FRAMEWORK_SEARCH_PATHS = (
					"$(inherited)",
					"$(SRCROOT)/../boostoniphone-master/ios/framework\\/**",
					"$(SRCROOT)/../framework_\\framework/**",
					"\"/Volumes/Untitled_3/copy\\ from\\ temp\\ drive/Neuer\\ Ordner/orig/boostoniphone-master/ios/framework\"",
					"\"/Volumes/Untitled_3/copy\\ from\\ temp\\ drive/Neuer\\ Ordner/orig/zips/QuantLib-1.2.1/framework\"",
				);
				GCC_PRECOMPILE_PREFIX_HEADER = YES;
				GCC_PREFIX_HEADER = "QuantTrader/QuantTrader-Prefix.pch";
				INFOPLIST_FILE = "QuantTrader/QuantTrader-Info.plist";
				IPHONEOS_DEPLOYMENT_TARGET = 7.1;
				PRODUCT_NAME = "$(TARGET_NAME)";
				PROVISIONING_PROFILE = "ca5474fc-95a9-4ac0-9413-8363e0b25fc6";
				VALID_ARCHS = "armv7 armv7s";
				WRAPPER_EXTENSION = app;
			};
			name = Release;
		};
		339F44131934BBC9000F6923 /* Debug */ = {
			isa = XCBuildConfiguration;
			buildSettings = {
				BUNDLE_LOADER = "$(BUILT_PRODUCTS_DIR)/QuantTrader.app/QuantTrader";
				FRAMEWORK_SEARCH_PATHS = (
					"$(SDKROOT)/Developer/Library/Frameworks",
					"$(inherited)",
					"$(DEVELOPER_FRAMEWORKS_DIR)",
				);
				GCC_PRECOMPILE_PREFIX_HEADER = YES;
				GCC_PREFIX_HEADER = "QuantTrader/QuantTrader-Prefix.pch";
				GCC_PREPROCESSOR_DEFINITIONS = (
					"DEBUG=1",
					"$(inherited)",
				);
				INFOPLIST_FILE = "QuantTraderTests/QuantTraderTests-Info.plist";
				PRODUCT_NAME = "$(TARGET_NAME)";
				TEST_HOST = "$(BUNDLE_LOADER)";
				WRAPPER_EXTENSION = xctest;
			};
			name = Debug;
		};
		339F44141934BBC9000F6923 /* Release */ = {
			isa = XCBuildConfiguration;
			buildSettings = {
				BUNDLE_LOADER = "$(BUILT_PRODUCTS_DIR)/QuantTrader.app/QuantTrader";
				FRAMEWORK_SEARCH_PATHS = (
					"$(SDKROOT)/Developer/Library/Frameworks",
					"$(inherited)",
					"$(DEVELOPER_FRAMEWORKS_DIR)",
				);
				GCC_PRECOMPILE_PREFIX_HEADER = YES;
				GCC_PREFIX_HEADER = "QuantTrader/QuantTrader-Prefix.pch";
				INFOPLIST_FILE = "QuantTraderTests/QuantTraderTests-Info.plist";
				PRODUCT_NAME = "$(TARGET_NAME)";
				TEST_HOST = "$(BUNDLE_LOADER)";
				WRAPPER_EXTENSION = xctest;
			};
			name = Release;
		};
/* End XCBuildConfiguration section */

/* Begin XCConfigurationList section */
		339F43CC1934BBC9000F6923 /* Build configuration list for PBXProject "QuantTrader" */ = {
			isa = XCConfigurationList;
			buildConfigurations = (
				339F440D1934BBC9000F6923 /* Debug */,
				339F440E1934BBC9000F6923 /* Release */,
			);
			defaultConfigurationIsVisible = 0;
			defaultConfigurationName = Release;
		};
		339F440F1934BBC9000F6923 /* Build configuration list for PBXNativeTarget "QuantTrader" */ = {
			isa = XCConfigurationList;
			buildConfigurations = (
				339F44101934BBC9000F6923 /* Debug */,
				339F44111934BBC9000F6923 /* Release */,
			);
			defaultConfigurationIsVisible = 0;
			defaultConfigurationName = Release;
		};
		339F44121934BBC9000F6923 /* Build configuration list for PBXNativeTarget "QuantTraderTests" */ = {
			isa = XCConfigurationList;
			buildConfigurations = (
				339F44131934BBC9000F6923 /* Debug */,
				339F44141934BBC9000F6923 /* Release */,
			);
			defaultConfigurationIsVisible = 0;
			defaultConfigurationName = Release;
		};
/* End XCConfigurationList section */

/* Begin XCVersionGroup section */
		339F43EE1934BBC9000F6923 /* QuantTrader.xcdatamodeld */ = {
			isa = XCVersionGroup;
			children = (
				339F43EF1934BBC9000F6923 /* QuantTrader.xcdatamodel */,
			);
			currentVersion = 339F43EF1934BBC9000F6923 /* QuantTrader.xcdatamodel */;
			path = QuantTrader.xcdatamodeld;
			sourceTree = "<group>";
			versionGroupType = wrapper.xcdatamodel;
		};
/* End XCVersionGroup section */
	};
	rootObject = 339F43C91934BBC9000F6923 /* Project object */;
}
